
Microsoft Visual Studio Solution File, Format Version 12.00
# Visual Studio Version 17
VisualStudioVersion = 17.4.33103.184
MinimumVisualStudioVersion = 10.0.40219.1
Project("{888888A0-9F3D-457C-B088-3A5042F75D52}") = "verKdag python", "verKdag python\verKdag python.pyproj", "{F47923CF-C5EF-4A0C-885A-4644A4DC46EC}"
EndProject
Global
	GlobalSection(SolutionConfigurationPlatforms) = preSolution
		Debug|Any CPU = Debug|Any CPU
		Release|Any CPU = Release|Any CPU
	EndGlobalSection
	GlobalSection(ProjectConfigurationPlatforms) = postSolution
		{F47923CF-C5EF-4A0C-885A-4644A4DC46EC}.Debug|Any CPU.ActiveCfg = Debug|Any CPU
		{F47923CF-C5EF-4A0C-885A-4644A4DC46EC}.Release|Any CPU.ActiveCfg = Release|Any CPU
	EndGlobalSection
	GlobalSection(SolutionProperties) = preSolution
		HideSolutionNode = FALSE
	EndGlobalSection
	GlobalSection(ExtensibilityGlobals) = postSolution
		SolutionGuid = {420A7335-3EB8-406C-AC0E-3331E875CBCE}
	EndGlobalSection
EndGlobal
