
Microsoft Visual Studio Solution File, Format Version 12.00
# Visual Studio Version 17
VisualStudioVersion = 17.4.33103.184
MinimumVisualStudioVersion = 10.0.40219.1
Project("{FAE04EC0-301F-11D3-BF4B-00C04F79EFBC}") = "Mandelbrot", "Mandelbrot\Mandelbrot.csproj", "{707EA734-165D-473E-86EB-96810E9F3608}"
EndProject
Global
	GlobalSection(SolutionConfigurationPlatforms) = preSolution
		Debug|Any CPU = Debug|Any CPU
		Release|Any CPU = Release|Any CPU
	EndGlobalSection
	GlobalSection(ProjectConfigurationPlatforms) = postSolution
		{707EA734-165D-473E-86EB-96810E9F3608}.Debug|Any CPU.ActiveCfg = Debug|Any CPU
		{707EA734-165D-473E-86EB-96810E9F3608}.Debug|Any CPU.Build.0 = Debug|Any CPU
		{707EA734-165D-473E-86EB-96810E9F3608}.Release|Any CPU.ActiveCfg = Release|Any CPU
		{707EA734-165D-473E-86EB-96810E9F3608}.Release|Any CPU.Build.0 = Release|Any CPU
	EndGlobalSection
	GlobalSection(SolutionProperties) = preSolution
		HideSolutionNode = FALSE
	EndGlobalSection
	GlobalSection(ExtensibilityGlobals) = postSolution
		SolutionGuid = {5D9681B6-1FF8-4B08-B726-53C90A811DDA}
	EndGlobalSection
EndGlobal
